
Microsoft Visual Studio Solution File, Format Version 12.00
# Visual Studio Version 16
VisualStudioVersion = 16.0.30320.27
MinimumVisualStudioVersion = 10.0.40219.1
Project("{FAE04EC0-301F-11D3-BF4B-00C04F79EFBC}") = "FIT5032_W04_ModelFirst", "FIT5032_W04_ModelFirst\FIT5032_W04_ModelFirst.csproj", "{9E6F8369-140D-4D25-9903-7961432A8EB7}"
EndProject
Global
	GlobalSection(SolutionConfigurationPlatforms) = preSolution
		Debug|Any CPU = Debug|Any CPU
		Release|Any CPU = Release|Any CPU
	EndGlobalSection
	GlobalSection(ProjectConfigurationPlatforms) = postSolution
		{9E6F8369-140D-4D25-9903-7961432A8EB7}.Debug|Any CPU.ActiveCfg = Debug|Any CPU
		{9E6F8369-140D-4D25-9903-7961432A8EB7}.Debug|Any CPU.Build.0 = Debug|Any CPU
		{9E6F8369-140D-4D25-9903-7961432A8EB7}.Release|Any CPU.ActiveCfg = Release|Any CPU
		{9E6F8369-140D-4D25-9903-7961432A8EB7}.Release|Any CPU.Build.0 = Release|Any CPU
	EndGlobalSection
	GlobalSection(SolutionProperties) = preSolution
		HideSolutionNode = FALSE
	EndGlobalSection
	GlobalSection(ExtensibilityGlobals) = postSolution
		SolutionGuid = {8E6C7C6A-E37D-4B28-9140-B476E26B7D23}
	EndGlobalSection
EndGlobal
